
Microsoft Visual Studio Solution File, Format Version 12.00
# Visual Studio Version 17
VisualStudioVersion = 17.0.32126.317
MinimumVisualStudioVersion = 10.0.40219.1
Project("{FAE04EC0-301F-11D3-BF4B-00C04F79EFBC}") = "APIs", "APIs\APIs.csproj", "{FDB30B55-65DF-49E8-8EAB-0A34D9C49B0F}"
EndProject
Project("{FAE04EC0-301F-11D3-BF4B-00C04F79EFBC}") = "APIs.Tests", "APIs.Tests\APIs.Tests.csproj", "{1EAC03DB-92B2-43D4-892D-894B6A2E3096}"
EndProject
Global
	GlobalSection(SolutionConfigurationPlatforms) = preSolution
		Debug|Any CPU = Debug|Any CPU
		Release|Any CPU = Release|Any CPU
	EndGlobalSection
	GlobalSection(ProjectConfigurationPlatforms) = postSolution
		{FDB30B55-65DF-49E8-8EAB-0A34D9C49B0F}.Debug|Any CPU.ActiveCfg = Debug|Any CPU
		{FDB30B55-65DF-49E8-8EAB-0A34D9C49B0F}.Debug|Any CPU.Build.0 = Debug|Any CPU
		{FDB30B55-65DF-49E8-8EAB-0A34D9C49B0F}.Release|Any CPU.ActiveCfg = Release|Any CPU
		{FDB30B55-65DF-49E8-8EAB-0A34D9C49B0F}.Release|Any CPU.Build.0 = Release|Any CPU
		{1EAC03DB-92B2-43D4-892D-894B6A2E3096}.Debug|Any CPU.ActiveCfg = Debug|Any CPU
		{1EAC03DB-92B2-43D4-892D-894B6A2E3096}.Debug|Any CPU.Build.0 = Debug|Any CPU
		{1EAC03DB-92B2-43D4-892D-894B6A2E3096}.Release|Any CPU.ActiveCfg = Release|Any CPU
		{1EAC03DB-92B2-43D4-892D-894B6A2E3096}.Release|Any CPU.Build.0 = Release|Any CPU
	EndGlobalSection
	GlobalSection(SolutionProperties) = preSolution
		HideSolutionNode = FALSE
	EndGlobalSection
	GlobalSection(ExtensibilityGlobals) = postSolution
		SolutionGuid = {467652FC-68A7-4B20-8A2A-90150207CE87}
	EndGlobalSection
EndGlobal
